// !$*UTF8*$!
{
	archiveVersion = 1;
	classes = {
	};
	objectVersion = 46;
	objects = {

/* Begin PBXBuildFile section */
		0344AFBB1A8069590005ACB3 /* main.m in Sources */ = {isa = PBXBuildFile; fileRef = 0344AFBA1A8069590005ACB3 /* main.m */; };
		0344AFBE1A8069590005ACB3 /* AppDelegate.m in Sources */ = {isa = PBXBuildFile; fileRef = 0344AFBD1A8069590005ACB3 /* AppDelegate.m */; };
		0344AFC11A8069590005ACB3 /* ViewController.m in Sources */ = {isa = PBXBuildFile; fileRef = 0344AFC01A8069590005ACB3 /* ViewController.m */; };
		0344AFC41A8069590005ACB3 /* Main.storyboard in Resources */ = {isa = PBXBuildFile; fileRef = 0344AFC21A8069590005ACB3 /* Main.storyboard */; };
		0344AFC61A8069590005ACB3 /* Images.xcassets in Resources */ = {isa = PBXBuildFile; fileRef = 0344AFC51A8069590005ACB3 /* Images.xcassets */; };
		0344AFC91A8069590005ACB3 /* LaunchScreen.xib in Resources */ = {isa = PBXBuildFile; fileRef = 0344AFC71A8069590005ACB3 /* LaunchScreen.xib */; };
		0344AFD51A8069590005ACB3 /* BanditTheCatTests.m in Sources */ = {isa = PBXBuildFile; fileRef = 0344AFD41A8069590005ACB3 /* BanditTheCatTests.m */; };
		036AD6551A806E33009952EA /* cute.png in Resources */ = {isa = PBXBuildFile; fileRef = 036AD6541A806E33009952EA /* cute.png */; };
		036AD6581A806E91009952EA /* cuter.png in Resources */ = {isa = PBXBuildFile; fileRef = 036AD6561A806E91009952EA /* cuter.png */; };
		036AD6591A806E91009952EA /* cutest.png in Resources */ = {isa = PBXBuildFile; fileRef = 036AD6571A806E91009952EA /* cutest.png */; };
		87C56730B53199C2EBDC4B43 /* libPods-BanditTheCat.a in Frameworks */ = {isa = PBXBuildFile; fileRef = 22F7457B9D123F017EE1B61A /* libPods-BanditTheCat.a */; };
/* End PBXBuildFile section */

/* Begin PBXContainerItemProxy section */
		0344AFCF1A8069590005ACB3 /* PBXContainerItemProxy */ = {
			isa = PBXContainerItemProxy;
			containerPortal = 0344AFAD1A8069590005ACB3 /* Project object */;
			proxyType = 1;
			remoteGlobalIDString = 0344AFB41A8069590005ACB3;
			remoteInfo = BanditTheCat;
		};
/* End PBXContainerItemProxy section */

/* Begin PBXFileReference section */
		0344AFB51A8069590005ACB3 /* BanditTheCat.app */ = {isa = PBXFileReference; explicitFileType = wrapper.application; includeInIndex = 0; path = BanditTheCat.app; sourceTree = BUILT_PRODUCTS_DIR; };
		0344AFB91A8069590005ACB3 /* Info.plist */ = {isa = PBXFileReference; lastKnownFileType = text.plist.xml; path = Info.plist; sourceTree = "<group>"; };
		0344AFBA1A8069590005ACB3 /* main.m */ = {isa = PBXFileReference; lastKnownFileType = sourcecode.c.objc; path = main.m; sourceTree = "<group>"; };
		0344AFBC1A8069590005ACB3 /* AppDelegate.h */ = {isa = PBXFileReference; lastKnownFileType = sourcecode.c.h; path = AppDelegate.h; sourceTree = "<group>"; };
		0344AFBD1A8069590005ACB3 /* AppDelegate.m */ = {isa = PBXFileReference; lastKnownFileType = sourcecode.c.objc; path = AppDelegate.m; sourceTree = "<group>"; };
		0344AFBF1A8069590005ACB3 /* ViewController.h */ = {isa = PBXFileReference; lastKnownFileType = sourcecode.c.h; path = ViewController.h; sourceTree = "<group>"; };
		0344AFC01A8069590005ACB3 /* ViewController.m */ = {isa = PBXFileReference; lastKnownFileType = sourcecode.c.objc; path = ViewController.m; sourceTree = "<group>"; };
		0344AFC31A8069590005ACB3 /* Base */ = {isa = PBXFileReference; lastKnownFileType = file.storyboard; name = Base; path = Base.lproj/Main.storyboard; sourceTree = "<group>"; };
		0344AFC51A8069590005ACB3 /* Images.xcassets */ = {isa = PBXFileReference; lastKnownFileType = folder.assetcatalog; path = Images.xcassets; sourceTree = "<group>"; };
		0344AFC81A8069590005ACB3 /* Base */ = {isa = PBXFileReference; lastKnownFileType = file.xib; name = Base; path = Base.lproj/LaunchScreen.xib; sourceTree = "<group>"; };
		0344AFCE1A8069590005ACB3 /* BanditTheCatTests.xctest */ = {isa = PBXFileReference; explicitFileType = wrapper.cfbundle; includeInIndex = 0; path = BanditTheCatTests.xctest; sourceTree = BUILT_PRODUCTS_DIR; };
		0344AFD31A8069590005ACB3 /* Info.plist */ = {isa = PBXFileReference; lastKnownFileType = text.plist.xml; path = Info.plist; sourceTree = "<group>"; };
		0344AFD41A8069590005ACB3 /* BanditTheCatTests.m */ = {isa = PBXFileReference; lastKnownFileType = sourcecode.c.objc; path = BanditTheCatTests.m; sourceTree = "<group>"; };
		036AD6541A806E33009952EA /* cute.png */ = {isa = PBXFileReference; lastKnownFileType = image.png; path = cute.png; sourceTree = "<group>"; };
		036AD6561A806E91009952EA /* cuter.png */ = {isa = PBXFileReference; lastKnownFileType = image.png; path = cuter.png; sourceTree = "<group>"; };
		036AD6571A806E91009952EA /* cutest.png */ = {isa = PBXFileReference; lastKnownFileType = image.png; path = cutest.png; sourceTree = "<group>"; };
		22F7457B9D123F017EE1B61A /* libPods-BanditTheCat.a */ = {isa = PBXFileReference; explicitFileType = archive.ar; includeInIndex = 0; path = "libPods-BanditTheCat.a"; sourceTree = BUILT_PRODUCTS_DIR; };
		36934E929B5228AFB38BB79F /* Pods-BanditTheCat.release.xcconfig */ = {isa = PBXFileReference; includeInIndex = 1; lastKnownFileType = text.xcconfig; name = "Pods-BanditTheCat.release.xcconfig"; path = "Pods/Target Support Files/Pods-BanditTheCat/Pods-BanditTheCat.release.xcconfig"; sourceTree = "<group>"; };
		688092829AD527408F0BAEAD /* Pods-BanditTheCat.debug.xcconfig */ = {isa = PBXFileReference; includeInIndex = 1; lastKnownFileType = text.xcconfig; name = "Pods-BanditTheCat.debug.xcconfig"; path = "Pods/Target Support Files/Pods-BanditTheCat/Pods-BanditTheCat.debug.xcconfig"; sourceTree = "<group>"; };
/* End PBXFileReference section */

/* Begin PBXFrameworksBuildPhase section */
		0344AFB21A8069590005ACB3 /* Frameworks */ = {
			isa = PBXFrameworksBuildPhase;
			buildActionMask = 2147483647;
			files = (
				87C56730B53199C2EBDC4B43 /* libPods-BanditTheCat.a in Frameworks */,
			);
			runOnlyForDeploymentPostprocessing = 0;
		};
		0344AFCB1A8069590005ACB3 /* Frameworks */ = {
			isa = PBXFrameworksBuildPhase;
			buildActionMask = 2147483647;
			files = (
			);
			runOnlyForDeploymentPostprocessing = 0;
		};
/* End PBXFrameworksBuildPhase section */

/* Begin PBXGroup section */
		0344AFAC1A8069590005ACB3 = {
			isa = PBXGroup;
			children = (
				0344AFB71A8069590005ACB3 /* BanditTheCat */,
				0344AFD11A8069590005ACB3 /* BanditTheCatTests */,
				0344AFB61A8069590005ACB3 /* Products */,
				489D4BAB06DEAE5681C94058 /* Pods */,
				B3D9B2A1DF1E1B3A2F2D59E7 /* Frameworks */,
			);
			sourceTree = "<group>";
		};
		0344AFB61A8069590005ACB3 /* Products */ = {
			isa = PBXGroup;
			children = (
				0344AFB51A8069590005ACB3 /* BanditTheCat.app */,
				0344AFCE1A8069590005ACB3 /* BanditTheCatTests.xctest */,
			);
			name = Products;
			sourceTree = "<group>";
		};
		0344AFB71A8069590005ACB3 /* BanditTheCat */ = {
			isa = PBXGroup;
			children = (
				036AD64D1A806C94009952EA /* Images */,
				0344AFBC1A8069590005ACB3 /* AppDelegate.h */,
				0344AFBD1A8069590005ACB3 /* AppDelegate.m */,
				0344AFBF1A8069590005ACB3 /* ViewController.h */,
				0344AFC01A8069590005ACB3 /* ViewController.m */,
				0344AFC21A8069590005ACB3 /* Main.storyboard */,
				0344AFC51A8069590005ACB3 /* Images.xcassets */,
				0344AFC71A8069590005ACB3 /* LaunchScreen.xib */,
				0344AFB81A8069590005ACB3 /* Supporting Files */,
			);
			path = BanditTheCat;
			sourceTree = "<group>";
		};
		0344AFB81A8069590005ACB3 /* Supporting Files */ = {
			isa = PBXGroup;
			children = (
				0344AFB91A8069590005ACB3 /* Info.plist */,
				0344AFBA1A8069590005ACB3 /* main.m */,
			);
			name = "Supporting Files";
			sourceTree = "<group>";
		};
		0344AFD11A8069590005ACB3 /* BanditTheCatTests */ = {
			isa = PBXGroup;
			children = (
				0344AFD41A8069590005ACB3 /* BanditTheCatTests.m */,
				0344AFD21A8069590005ACB3 /* Supporting Files */,
			);
			path = BanditTheCatTests;
			sourceTree = "<group>";
		};
		0344AFD21A8069590005ACB3 /* Supporting Files */ = {
			isa = PBXGroup;
			children = (
				0344AFD31A8069590005ACB3 /* Info.plist */,
			);
			name = "Supporting Files";
			sourceTree = "<group>";
		};
		036AD64D1A806C94009952EA /* Images */ = {
			isa = PBXGroup;
			children = (
				036AD6541A806E33009952EA /* cute.png */,
				036AD6561A806E91009952EA /* cuter.png */,
				036AD6571A806E91009952EA /* cutest.png */,
			);
			path = Images;
			sourceTree = "<group>";
		};
		489D4BAB06DEAE5681C94058 /* Pods */ = {
			isa = PBXGroup;
			children = (
				688092829AD527408F0BAEAD /* Pods-BanditTheCat.debug.xcconfig */,
				36934E929B5228AFB38BB79F /* Pods-BanditTheCat.release.xcconfig */,
			);
			name = Pods;
			sourceTree = "<group>";
		};
		B3D9B2A1DF1E1B3A2F2D59E7 /* Frameworks */ = {
			isa = PBXGroup;
			children = (
				22F7457B9D123F017EE1B61A /* libPods-BanditTheCat.a */,
			);
			name = Frameworks;
			sourceTree = "<group>";
		};
/* End PBXGroup section */

/* Begin PBXNativeTarget section */
		0344AFB41A8069590005ACB3 /* BanditTheCat */ = {
			isa = PBXNativeTarget;
			buildConfigurationList = 0344AFD81A8069590005ACB3 /* Build configuration list for PBXNativeTarget "BanditTheCat" */;
			buildPhases = (
				6AF3D3B007F8A59D8E962817 /* Check Pods Manifest.lock */,
				0344AFB11A8069590005ACB3 /* Sources */,
				0344AFB21A8069590005ACB3 /* Frameworks */,
				0344AFB31A8069590005ACB3 /* Resources */,
				8BE0D7AA89CC227D82536AA0 /* Copy Pods Resources */,
			);
			buildRules = (
			);
			dependencies = (
			);
			name = BanditTheCat;
			productName = BanditTheCat;
			productReference = 0344AFB51A8069590005ACB3 /* BanditTheCat.app */;
			productType = "com.apple.product-type.application";
		};
		0344AFCD1A8069590005ACB3 /* BanditTheCatTests */ = {
			isa = PBXNativeTarget;
			buildConfigurationList = 0344AFDB1A8069590005ACB3 /* Build configuration list for PBXNativeTarget "BanditTheCatTests" */;
			buildPhases = (
				0344AFCA1A8069590005ACB3 /* Sources */,
				0344AFCB1A8069590005ACB3 /* Frameworks */,
				0344AFCC1A8069590005ACB3 /* Resources */,
			);
			buildRules = (
			);
			dependencies = (
				0344AFD01A8069590005ACB3 /* PBXTargetDependency */,
			);
			name = BanditTheCatTests;
			productName = BanditTheCatTests;
			productReference = 0344AFCE1A8069590005ACB3 /* BanditTheCatTests.xctest */;
			productType = "com.apple.product-type.bundle.unit-test";
		};
/* End PBXNativeTarget section */

/* Begin PBXProject section */
		0344AFAD1A8069590005ACB3 /* Project object */ = {
			isa = PBXProject;
			attributes = {
				LastUpgradeCheck = 0610;
				ORGANIZATIONNAME = RokkinCat;
				TargetAttributes = {
					0344AFB41A8069590005ACB3 = {
						CreatedOnToolsVersion = 6.1.1;
					};
					0344AFCD1A8069590005ACB3 = {
						CreatedOnToolsVersion = 6.1.1;
						TestTargetID = 0344AFB41A8069590005ACB3;
					};
				};
			};
			buildConfigurationList = 0344AFB01A8069590005ACB3 /* Build configuration list for PBXProject "BanditTheCat" */;
			compatibilityVersion = "Xcode 3.2";
			developmentRegion = English;
			hasScannedForEncodings = 0;
			knownRegions = (
				en,
				Base,
			);
			mainGroup = 0344AFAC1A8069590005ACB3;
			productRefGroup = 0344AFB61A8069590005ACB3 /* Products */;
			projectDirPath = "";
			projectRoot = "";
			targets = (
				0344AFB41A8069590005ACB3 /* BanditTheCat */,
				0344AFCD1A8069590005ACB3 /* BanditTheCatTests */,
			);
		};
/* End PBXProject section */

/* Begin PBXResourcesBuildPhase section */
		0344AFB31A8069590005ACB3 /* Resources */ = {
			isa = PBXResourcesBuildPhase;
			buildActionMask = 2147483647;
			files = (
				0344AFC41A8069590005ACB3 /* Main.storyboard in Resources */,
				0344AFC91A8069590005ACB3 /* LaunchScreen.xib in Resources */,
				0344AFC61A8069590005ACB3 /* Images.xcassets in Resources */,
				036AD6591A806E91009952EA /* cutest.png in Resources */,
				036AD6551A806E33009952EA /* cute.png in Resources */,
				036AD6581A806E91009952EA /* cuter.png in Resources */,
			);
			runOnlyForDeploymentPostprocessing = 0;
		};
		0344AFCC1A8069590005ACB3 /* Resources */ = {
			isa = PBXResourcesBuildPhase;
			buildActionMask = 2147483647;
			files = (
			);
			runOnlyForDeploymentPostprocessing = 0;
		};
/* End PBXResourcesBuildPhase section */

/* Begin PBXShellScriptBuildPhase section */
		6AF3D3B007F8A59D8E962817 /* Check Pods Manifest.lock */ = {
			isa = PBXShellScriptBuildPhase;
			buildActionMask = 2147483647;
			files = (
			);
			inputPaths = (
			);
			name = "Check Pods Manifest.lock";
			outputPaths = (
			);
			runOnlyForDeploymentPostprocessing = 0;
			shellPath = /bin/sh;
			shellScript = "diff \"${PODS_ROOT}/../Podfile.lock\" \"${PODS_ROOT}/Manifest.lock\" > /dev/null\nif [[ $? != 0 ]] ; then\n    cat << EOM\nerror: The sandbox is not in sync with the Podfile.lock. Run 'pod install' or update your CocoaPods installation.\nEOM\n    exit 1\nfi\n";
			showEnvVarsInLog = 0;
		};
		8BE0D7AA89CC227D82536AA0 /* Copy Pods Resources */ = {
			isa = PBXShellScriptBuildPhase;
			buildActionMask = 2147483647;
			files = (
			);
			inputPaths = (
			);
			name = "Copy Pods Resources";
			outputPaths = (
			);
			runOnlyForDeploymentPostprocessing = 0;
			shellPath = /bin/sh;
			shellScript = "\"${SRCROOT}/Pods/Target Support Files/Pods-BanditTheCat/Pods-BanditTheCat-resources.sh\"\n";
			showEnvVarsInLog = 0;
		};
/* End PBXShellScriptBuildPhase section */

/* Begin PBXSourcesBuildPhase section */
		0344AFB11A8069590005ACB3 /* Sources */ = {
			isa = PBXSourcesBuildPhase;
			buildActionMask = 2147483647;
			files = (
				0344AFC11A8069590005ACB3 /* ViewController.m in Sources */,
				0344AFBE1A8069590005ACB3 /* AppDelegate.m in Sources */,
				0344AFBB1A8069590005ACB3 /* main.m in Sources */,
			);
			runOnlyForDeploymentPostprocessing = 0;
		};
		0344AFCA1A8069590005ACB3 /* Sources */ = {
			isa = PBXSourcesBuildPhase;
			buildActionMask = 2147483647;
			files = (
				0344AFD51A8069590005ACB3 /* BanditTheCatTests.m in Sources */,
			);
			runOnlyForDeploymentPostprocessing = 0;
		};
/* End PBXSourcesBuildPhase section */

/* Begin PBXTargetDependency section */
		0344AFD01A8069590005ACB3 /* PBXTargetDependency */ = {
			isa = PBXTargetDependency;
			target = 0344AFB41A8069590005ACB3 /* BanditTheCat */;
			targetProxy = 0344AFCF1A8069590005ACB3 /* PBXContainerItemProxy */;
		};
/* End PBXTargetDependency section */

/* Begin PBXVariantGroup section */
		0344AFC21A8069590005ACB3 /* Main.storyboard */ = {
			isa = PBXVariantGroup;
			children = (
				0344AFC31A8069590005ACB3 /* Base */,
			);
			name = Main.storyboard;
			sourceTree = "<group>";
		};
		0344AFC71A8069590005ACB3 /* LaunchScreen.xib */ = {
			isa = PBXVariantGroup;
			children = (
				0344AFC81A8069590005ACB3 /* Base */,
			);
			name = LaunchScreen.xib;
			sourceTree = "<group>";
		};
/* End PBXVariantGroup section */

/* Begin XCBuildConfiguration section */
		0344AFD61A8069590005ACB3 /* Debug */ = {
			isa = XCBuildConfiguration;
			buildSettings = {
				ALWAYS_SEARCH_USER_PATHS = NO;
				CLANG_CXX_LANGUAGE_STANDARD = "gnu++0x";
				CLANG_CXX_LIBRARY = "libc++";
				CLANG_ENABLE_MODULES = YES;
				CLANG_ENABLE_OBJC_ARC = YES;
				CLANG_WARN_BOOL_CONVERSION = YES;
				CLANG_WARN_CONSTANT_CONVERSION = YES;
				CLANG_WARN_DIRECT_OBJC_ISA_USAGE = YES_ERROR;
				CLANG_WARN_EMPTY_BODY = YES;
				CLANG_WARN_ENUM_CONVERSION = YES;
				CLANG_WARN_INT_CONVERSION = YES;
				CLANG_WARN_OBJC_ROOT_CLASS = YES_ERROR;
				CLANG_WARN_UNREACHABLE_CODE = YES;
				CLANG_WARN__DUPLICATE_METHOD_MATCH = YES;
				"CODE_SIGN_IDENTITY[sdk=iphoneos*]" = "iPhone Developer";
				COPY_PHASE_STRIP = NO;
				ENABLE_STRICT_OBJC_MSGSEND = YES;
				GCC_C_LANGUAGE_STANDARD = gnu99;
				GCC_DYNAMIC_NO_PIC = NO;
				GCC_OPTIMIZATION_LEVEL = 0;
				GCC_PREPROCESSOR_DEFINITIONS = (
					"DEBUG=1",
					"$(inherited)",
				);
				GCC_SYMBOLS_PRIVATE_EXTERN = NO;
				GCC_WARN_64_TO_32_BIT_CONVERSION = YES;
				GCC_WARN_ABOUT_RETURN_TYPE = YES_ERROR;
				GCC_WARN_UNDECLARED_SELECTOR = YES;
				GCC_WARN_UNINITIALIZED_AUTOS = YES_AGGRESSIVE;
				GCC_WARN_UNUSED_FUNCTION = YES;
				GCC_WARN_UNUSED_VARIABLE = YES;
				IPHONEOS_DEPLOYMENT_TARGET = 8.1;
				MTL_ENABLE_DEBUG_INFO = YES;
				ONLY_ACTIVE_ARCH = YES;
				SDKROOT = iphoneos;
			};
			name = Debug;
		};
		0344AFD71A8069590005ACB3 /* Release */ = {
			isa = XCBuildConfiguration;
			buildSettings = {
				ALWAYS_SEARCH_USER_PATHS = NO;
				CLANG_CXX_LANGUAGE_STANDARD = "gnu++0x";
				CLANG_CXX_LIBRARY = "libc++";
				CLANG_ENABLE_MODULES = YES;
				CLANG_ENABLE_OBJC_ARC = YES;
				CLANG_WARN_BOOL_CONVERSION = YES;
				CLANG_WARN_CONSTANT_CONVERSION = YES;
				CLANG_WARN_DIRECT_OBJC_ISA_USAGE = YES_ERROR;
				CLANG_WARN_EMPTY_BODY = YES;
				CLANG_WARN_ENUM_CONVERSION = YES;
				CLANG_WARN_INT_CONVERSION = YES;
				CLANG_WARN_OBJC_ROOT_CLASS = YES_ERROR;
				CLANG_WARN_UNREACHABLE_CODE = YES;
				CLANG_WARN__DUPLICATE_METHOD_MATCH = YES;
				"CODE_SIGN_IDENTITY[sdk=iphoneos*]" = "iPhone Developer";
				COPY_PHASE_STRIP = YES;
				ENABLE_NS_ASSERTIONS = NO;
				ENABLE_STRICT_OBJC_MSGSEND = YES;
				GCC_C_LANGUAGE_STANDARD = gnu99;
				GCC_WARN_64_TO_32_BIT_CONVERSION = YES;
				GCC_WARN_ABOUT_RETURN_TYPE = YES_ERROR;
				GCC_WARN_UNDECLARED_SELECTOR = YES;
				GCC_WARN_UNINITIALIZED_AUTOS = YES_AGGRESSIVE;
				GCC_WARN_UNUSED_FUNCTION = YES;
				GCC_WARN_UNUSED_VARIABLE = YES;
				IPHONEOS_DEPLOYMENT_TARGET = 8.1;
				MTL_ENABLE_DEBUG_INFO = NO;
				SDKROOT = iphoneos;
				VALIDATE_PRODUCT = YES;
			};
			name = Release;
		};
		0344AFD91A8069590005ACB3 /* Debug */ = {
			isa = XCBuildConfiguration;
			baseConfigurationReference = 688092829AD527408F0BAEAD /* Pods-BanditTheCat.debug.xcconfig */;
			buildSettings = {
				ASSETCATALOG_COMPILER_APPICON_NAME = AppIcon;
				"CODE_SIGN_IDENTITY[sdk=iphoneos*]" = "iPhone Developer: Josh Holtz (M57ML2945L)";
				CURRENT_PROJECT_VERSION = 63;
				INFOPLIST_FILE = BanditTheCat/Info.plist;
				IPHONEOS_DEPLOYMENT_TARGET = 8.0;
				LD_RUNPATH_SEARCH_PATHS = "$(inherited) @executable_path/Frameworks";
				PRODUCT_NAME = "$(TARGET_NAME)";
				PROVISIONING_PROFILE = "8a4b2100-678d-48a8-8f42-6015b96b6a13";
				VERSIONING_SYSTEM = "apple-generic";
			};
			name = Debug;
		};
		0344AFDA1A8069590005ACB3 /* Release */ = {
			isa = XCBuildConfiguration;
			baseConfigurationReference = 36934E929B5228AFB38BB79F /* Pods-BanditTheCat.release.xcconfig */;
			buildSettings = {
				ASSETCATALOG_COMPILER_APPICON_NAME = AppIcon;
				"CODE_SIGN_IDENTITY[sdk=iphoneos*]" = "iPhone Distribution: Rokkincat LLC (WPBN76YKX2)";
				CURRENT_PROJECT_VERSION = 63;
				INFOPLIST_FILE = BanditTheCat/Info.plist;
				IPHONEOS_DEPLOYMENT_TARGET = 8.0;
				LD_RUNPATH_SEARCH_PATHS = "$(inherited) @executable_path/Frameworks";
				PRODUCT_NAME = "$(TARGET_NAME)";
				PROVISIONING_PROFILE = "69f76e22-ea6d-4beb-a142-d1ae0486be25";
				VERSIONING_SYSTEM = "apple-generic";
			};
			name = Release;
		};
		0344AFDC1A8069590005ACB3 /* Debug */ = {
			isa = XCBuildConfiguration;
			buildSettings = {
				BUNDLE_LOADER = "$(TEST_HOST)";
				FRAMEWORK_SEARCH_PATHS = (
					"$(SDKROOT)/Developer/Library/Frameworks",
					"$(inherited)",
				);
				GCC_PREPROCESSOR_DEFINITIONS = (
					"DEBUG=1",
					"$(inherited)",
				);
				INFOPLIST_FILE = BanditTheCatTests/Info.plist;
				LD_RUNPATH_SEARCH_PATHS = "$(inherited) @executable_path/Frameworks @loader_path/Frameworks";
				PRODUCT_NAME = "$(TARGET_NAME)";
				TEST_HOST = "$(BUILT_PRODUCTS_DIR)/BanditTheCat.app/BanditTheCat";
			};
			name = Debug;
		};
		0344AFDD1A8069590005ACB3 /* Release */ = {
			isa = XCBuildConfiguration;
			buildSettings = {
				BUNDLE_LOADER = "$(TEST_HOST)";
				FRAMEWORK_SEARCH_PATHS = (
					"$(SDKROOT)/Developer/Library/Frameworks",
					"$(inherited)",
				);
				INFOPLIST_FILE = BanditTheCatTests/Info.plist;
				LD_RUNPATH_SEARCH_PATHS = "$(inherited) @executable_path/Frameworks @loader_path/Frameworks";
				PRODUCT_NAME = "$(TARGET_NAME)";
				TEST_HOST = "$(BUILT_PRODUCTS_DIR)/BanditTheCat.app/BanditTheCat";
			};
			name = Release;
		};
		034EF1111A80A3C5006FBD03 /* Inhouse */ = {
			isa = XCBuildConfiguration;
			buildSettings = {
				ALWAYS_SEARCH_USER_PATHS = NO;
				CLANG_CXX_LANGUAGE_STANDARD = "gnu++0x";
				CLANG_CXX_LIBRARY = "libc++";
				CLANG_ENABLE_MODULES = YES;
				CLANG_ENABLE_OBJC_ARC = YES;
				CLANG_WARN_BOOL_CONVERSION = YES;
				CLANG_WARN_CONSTANT_CONVERSION = YES;
				CLANG_WARN_DIRECT_OBJC_ISA_USAGE = YES_ERROR;
				CLANG_WARN_EMPTY_BODY = YES;
				CLANG_WARN_ENUM_CONVERSION = YES;
				CLANG_WARN_INT_CONVERSION = YES;
				CLANG_WARN_OBJC_ROOT_CLASS = YES_ERROR;
				CLANG_WARN_UNREACHABLE_CODE = YES;
				CLANG_WARN__DUPLICATE_METHOD_MATCH = YES;
				"CODE_SIGN_IDENTITY[sdk=iphoneos*]" = "iPhone Developer";
				COPY_PHASE_STRIP = YES;
				ENABLE_NS_ASSERTIONS = NO;
				ENABLE_STRICT_OBJC_MSGSEND = YES;
				GCC_C_LANGUAGE_STANDARD = gnu99;
				GCC_WARN_64_TO_32_BIT_CONVERSION = YES;
				GCC_WARN_ABOUT_RETURN_TYPE = YES_ERROR;
				GCC_WARN_UNDECLARED_SELECTOR = YES;
				GCC_WARN_UNINITIALIZED_AUTOS = YES_AGGRESSIVE;
				GCC_WARN_UNUSED_FUNCTION = YES;
				GCC_WARN_UNUSED_VARIABLE = YES;
				IPHONEOS_DEPLOYMENT_TARGET = 8.1;
				MTL_ENABLE_DEBUG_INFO = NO;
				SDKROOT = iphoneos;
				VALIDATE_PRODUCT = YES;
			};
			name = Inhouse;
		};
		034EF1121A80A3C5006FBD03 /* Inhouse */ = {
			isa = XCBuildConfiguration;
			baseConfigurationReference = 36934E929B5228AFB38BB79F /* Pods-BanditTheCat.release.xcconfig */;
			buildSettings = {
				ASSETCATALOG_COMPILER_APPICON_NAME = AppIcon;
				"CODE_SIGN_IDENTITY[sdk=iphoneos*]" = "iPhone Distribution: Rokkincat LLC (WPBN76YKX2)";
				CURRENT_PROJECT_VERSION = 63;
				INFOPLIST_FILE = BanditTheCat/Info.plist;
				IPHONEOS_DEPLOYMENT_TARGET = 8.0;
				LD_RUNPATH_SEARCH_PATHS = "$(inherited) @executable_path/Frameworks";
				PRODUCT_NAME = "$(TARGET_NAME)";
				PROVISIONING_PROFILE = "9facd5f9-ec3c-4ad2-b480-9bbc542d286c";
				VERSIONING_SYSTEM = "apple-generic";
			};
			name = Inhouse;
		};
		034EF1131A80A3C5006FBD03 /* Inhouse */ = {
			isa = XCBuildConfiguration;
			buildSettings = {
				BUNDLE_LOADER = "$(TEST_HOST)";
				FRAMEWORK_SEARCH_PATHS = (
					"$(SDKROOT)/Developer/Library/Frameworks",
					"$(inherited)",
				);
				INFOPLIST_FILE = BanditTheCatTests/Info.plist;
				LD_RUNPATH_SEARCH_PATHS = "$(inherited) @executable_path/Frameworks @loader_path/Frameworks";
				PRODUCT_NAME = "$(TARGET_NAME)";
				TEST_HOST = "$(BUILT_PRODUCTS_DIR)/BanditTheCat.app/BanditTheCat";
			};
			name = Inhouse;
		};
/* End XCBuildConfiguration section */

/* Begin XCConfigurationList section */
		0344AFB01A8069590005ACB3 /* Build configuration list for PBXProject "BanditTheCat" */ = {
			isa = XCConfigurationList;
			buildConfigurations = (
				0344AFD61A8069590005ACB3 /* Debug */,
				0344AFD71A8069590005ACB3 /* Release */,
				034EF1111A80A3C5006FBD03 /* Inhouse */,
			);
			defaultConfigurationIsVisible = 0;
			defaultConfigurationName = Release;
		};
		0344AFD81A8069590005ACB3 /* Build configuration list for PBXNativeTarget "BanditTheCat" */ = {
			isa = XCConfigurationList;
			buildConfigurations = (
				0344AFD91A8069590005ACB3 /* Debug */,
				0344AFDA1A8069590005ACB3 /* Release */,
				034EF1121A80A3C5006FBD03 /* Inhouse */,
			);
			defaultConfigurationIsVisible = 0;
			defaultConfigurationName = Release;
		};
		0344AFDB1A8069590005ACB3 /* Build configuration list for PBXNativeTarget "BanditTheCatTests" */ = {
			isa = XCConfigurationList;
			buildConfigurations = (
				0344AFDC1A8069590005ACB3 /* Debug */,
				0344AFDD1A8069590005ACB3 /* Release */,
				034EF1131A80A3C5006FBD03 /* Inhouse */,
			);
			defaultConfigurationIsVisible = 0;
			defaultConfigurationName = Release;
		};
/* End XCConfigurationList section */
	};
	rootObject = 0344AFAD1A8069590005ACB3 /* Project object */;
}
